// !$*UTF8*$!
{
	archiveVersion = 1;
	classes = {
	};
	objectVersion = 46;
	objects = {

/* Begin PBXBuildFile section */
		2BFFDBED1AA953AD00937556 /* AppDelegate.swift in Sources */ = {isa = PBXBuildFile; fileRef = 2BFFDBEC1AA953AD00937556 /* AppDelegate.swift */; };
		2BFFDBEF1AA953AD00937556 /* ViewController.swift in Sources */ = {isa = PBXBuildFile; fileRef = 2BFFDBEE1AA953AD00937556 /* ViewController.swift */; };
		2BFFDBF21AA953AD00937556 /* Main.storyboard in Resources */ = {isa = PBXBuildFile; fileRef = 2BFFDBF01AA953AD00937556 /* Main.storyboard */; };
		2BFFDBF41AA953AD00937556 /* Images.xcassets in Resources */ = {isa = PBXBuildFile; fileRef = 2BFFDBF31AA953AD00937556 /* Images.xcassets */; };
		2BFFDBF71AA953AD00937556 /* LaunchScreen.xib in Resources */ = {isa = PBXBuildFile; fileRef = 2BFFDBF51AA953AD00937556 /* LaunchScreen.xib */; };
		2BFFDC031AA953AD00937556 /* PizzaCamTests.swift in Sources */ = {isa = PBXBuildFile; fileRef = 2BFFDC021AA953AD00937556 /* PizzaCamTests.swift */; };
/* End PBXBuildFile section */

/* Begin PBXContainerItemProxy section */
		2BFFDBFD1AA953AD00937556 /* PBXContainerItemProxy */ = {
			isa = PBXContainerItemProxy;
			containerPortal = 2BFFDBDF1AA953AD00937556 /* Project object */;
			proxyType = 1;
			remoteGlobalIDString = 2BFFDBE61AA953AD00937556;
			remoteInfo = PizzaCam;
		};
/* End PBXContainerItemProxy section */

/* Begin PBXFileReference section */
		2BFFDBE71AA953AD00937556 /* PizzaCam.app */ = {isa = PBXFileReference; explicitFileType = wrapper.application; includeInIndex = 0; path = PizzaCam.app; sourceTree = BUILT_PRODUCTS_DIR; };
		2BFFDBEB1AA953AD00937556 /* Info.plist */ = {isa = PBXFileReference; lastKnownFileType = text.plist.xml; path = Info.plist; sourceTree = "<group>"; };
		2BFFDBEC1AA953AD00937556 /* AppDelegate.swift */ = {isa = PBXFileReference; lastKnownFileType = sourcecode.swift; path = AppDelegate.swift; sourceTree = "<group>"; };
		2BFFDBEE1AA953AD00937556 /* ViewController.swift */ = {isa = PBXFileReference; lastKnownFileType = sourcecode.swift; path = ViewController.swift; sourceTree = "<group>"; };
		2BFFDBF11AA953AD00937556 /* Base */ = {isa = PBXFileReference; lastKnownFileType = file.storyboard; name = Base; path = Base.lproj/Main.storyboard; sourceTree = "<group>"; };
		2BFFDBF31AA953AD00937556 /* Images.xcassets */ = {isa = PBXFileReference; lastKnownFileType = folder.assetcatalog; path = Images.xcassets; sourceTree = "<group>"; };
		2BFFDBF61AA953AD00937556 /* Base */ = {isa = PBXFileReference; lastKnownFileType = file.xib; name = Base; path = Base.lproj/LaunchScreen.xib; sourceTree = "<group>"; };
		2BFFDBFC1AA953AD00937556 /* PizzaCamTests.xctest */ = {isa = PBXFileReference; explicitFileType = wrapper.cfbundle; includeInIndex = 0; path = PizzaCamTests.xctest; sourceTree = BUILT_PRODUCTS_DIR; };
		2BFFDC011AA953AD00937556 /* Info.plist */ = {isa = PBXFileReference; lastKnownFileType = text.plist.xml; path = Info.plist; sourceTree = "<group>"; };
		2BFFDC021AA953AD00937556 /* PizzaCamTests.swift */ = {isa = PBXFileReference; lastKnownFileType = sourcecode.swift; path = PizzaCamTests.swift; sourceTree = "<group>"; };
/* End PBXFileReference section */

/* Begin PBXFrameworksBuildPhase section */
		2BFFDBE41AA953AD00937556 /* Frameworks */ = {
			isa = PBXFrameworksBuildPhase;
			buildActionMask = 2147483647;
			files = (
			);
			runOnlyForDeploymentPostprocessing = 0;
		};
		2BFFDBF91AA953AD00937556 /* Frameworks */ = {
			isa = PBXFrameworksBuildPhase;
			buildActionMask = 2147483647;
			files = (
			);
			runOnlyForDeploymentPostprocessing = 0;
		};
/* End PBXFrameworksBuildPhase section */

/* Begin PBXGroup section */
		2BFFDBDE1AA953AD00937556 = {
			isa = PBXGroup;
			children = (
				2BFFDBE91AA953AD00937556 /* PizzaCam */,
				2BFFDBFF1AA953AD00937556 /* PizzaCamTests */,
				2BFFDBE81AA953AD00937556 /* Products */,
			);
			sourceTree = "<group>";
		};
		2BFFDBE81AA953AD00937556 /* Products */ = {
			isa = PBXGroup;
			children = (
				2BFFDBE71AA953AD00937556 /* PizzaCam.app */,
				2BFFDBFC1AA953AD00937556 /* PizzaCamTests.xctest */,
			);
			name = Products;
			sourceTree = "<group>";
		};
		2BFFDBE91AA953AD00937556 /* PizzaCam */ = {
			isa = PBXGroup;
			children = (
				2BFFDBEC1AA953AD00937556 /* AppDelegate.swift */,
				2BFFDBEE1AA953AD00937556 /* ViewController.swift */,
				2BFFDBF01AA953AD00937556 /* Main.storyboard */,
				2BFFDBF31AA953AD00937556 /* Images.xcassets */,
				2BFFDBF51AA953AD00937556 /* LaunchScreen.xib */,
				2BFFDBEA1AA953AD00937556 /* Supporting Files */,
			);
			path = PizzaCam;
			sourceTree = "<group>";
		};
		2BFFDBEA1AA953AD00937556 /* Supporting Files */ = {
			isa = PBXGroup;
			children = (
				2BFFDBEB1AA953AD00937556 /* Info.plist */,
			);
			name = "Supporting Files";
			sourceTree = "<group>";
		};
		2BFFDBFF1AA953AD00937556 /* PizzaCamTests */ = {
			isa = PBXGroup;
			children = (
				2BFFDC021AA953AD00937556 /* PizzaCamTests.swift */,
				2BFFDC001AA953AD00937556 /* Supporting Files */,
			);
			path = PizzaCamTests;
			sourceTree = "<group>";
		};
		2BFFDC001AA953AD00937556 /* Supporting Files */ = {
			isa = PBXGroup;
			children = (
				2BFFDC011AA953AD00937556 /* Info.plist */,
			);
			name = "Supporting Files";
			sourceTree = "<group>";
		};
/* End PBXGroup section */

/* Begin PBXNativeTarget section */
		2BFFDBE61AA953AD00937556 /* PizzaCam */ = {
			isa = PBXNativeTarget;
			buildConfigurationList = 2BFFDC061AA953AD00937556 /* Build configuration list for PBXNativeTarget "PizzaCam" */;
			buildPhases = (
				2BFFDBE31AA953AD00937556 /* Sources */,
				2BFFDBE41AA953AD00937556 /* Frameworks */,
				2BFFDBE51AA953AD00937556 /* Resources */,
			);
			buildRules = (
			);
			dependencies = (
			);
			name = PizzaCam;
			productName = PizzaCam;
			productReference = 2BFFDBE71AA953AD00937556 /* PizzaCam.app */;
			productType = "com.apple.product-type.application";
		};
		2BFFDBFB1AA953AD00937556 /* PizzaCamTests */ = {
			isa = PBXNativeTarget;
			buildConfigurationList = 2BFFDC091AA953AD00937556 /* Build configuration list for PBXNativeTarget "PizzaCamTests" */;
			buildPhases = (
				2BFFDBF81AA953AD00937556 /* Sources */,
				2BFFDBF91AA953AD00937556 /* Frameworks */,
				2BFFDBFA1AA953AD00937556 /* Resources */,
			);
			buildRules = (
			);
			dependencies = (
				2BFFDBFE1AA953AD00937556 /* PBXTargetDependency */,
			);
			name = PizzaCamTests;
			productName = PizzaCamTests;
			productReference = 2BFFDBFC1AA953AD00937556 /* PizzaCamTests.xctest */;
			productType = "com.apple.product-type.bundle.unit-test";
		};
/* End PBXNativeTarget section */

/* Begin PBXProject section */
		2BFFDBDF1AA953AD00937556 /* Project object */ = {
			isa = PBXProject;
			attributes = {
				LastUpgradeCheck = 0610;
				ORGANIZATIONNAME = "Wall to wall";
				TargetAttributes = {
					2BFFDBE61AA953AD00937556 = {
						CreatedOnToolsVersion = 6.1.1;
					};
					2BFFDBFB1AA953AD00937556 = {
						CreatedOnToolsVersion = 6.1.1;
						TestTargetID = 2BFFDBE61AA953AD00937556;
					};
				};
			};
			buildConfigurationList = 2BFFDBE21AA953AD00937556 /* Build configuration list for PBXProject "PizzaCam" */;
			compatibilityVersion = "Xcode 3.2";
			developmentRegion = English;
			hasScannedForEncodings = 0;
			knownRegions = (
				en,
				Base,
			);
			mainGroup = 2BFFDBDE1AA953AD00937556;
			productRefGroup = 2BFFDBE81AA953AD00937556 /* Products */;
			projectDirPath = "";
			projectRoot = "";
			targets = (
				2BFFDBE61AA953AD00937556 /* PizzaCam */,
				2BFFDBFB1AA953AD00937556 /* PizzaCamTests */,
			);
		};
/* End PBXProject section */

/* Begin PBXResourcesBuildPhase section */
		2BFFDBE51AA953AD00937556 /* Resources */ = {
			isa = PBXResourcesBuildPhase;
			buildActionMask = 2147483647;
			files = (
				2BFFDBF21AA953AD00937556 /* Main.storyboard in Resources */,
				2BFFDBF71AA953AD00937556 /* LaunchScreen.xib in Resources */,
				2BFFDBF41AA953AD00937556 /* Images.xcassets in Resources */,
			);
			runOnlyForDeploymentPostprocessing = 0;
		};
		2BFFDBFA1AA953AD00937556 /* Resources */ = {
			isa = PBXResourcesBuildPhase;
			buildActionMask = 2147483647;
			files = (
			);
			runOnlyForDeploymentPostprocessing = 0;
		};
/* End PBXResourcesBuildPhase section */

/* Begin PBXSourcesBuildPhase section */
		2BFFDBE31AA953AD00937556 /* Sources */ = {
			isa = PBXSourcesBuildPhase;
			buildActionMask = 2147483647;
			files = (
				2BFFDBEF1AA953AD00937556 /* ViewController.swift in Sources */,
				2BFFDBED1AA953AD00937556 /* AppDelegate.swift in Sources */,
			);
			runOnlyForDeploymentPostprocessing = 0;
		};
		2BFFDBF81AA953AD00937556 /* Sources */ = {
			isa = PBXSourcesBuildPhase;
			buildActionMask = 2147483647;
			files = (
				2BFFDC031AA953AD00937556 /* PizzaCamTests.swift in Sources */,
			);
			runOnlyForDeploymentPostprocessing = 0;
		};
/* End PBXSourcesBuildPhase section */

/* Begin PBXTargetDependency section */
		2BFFDBFE1AA953AD00937556 /* PBXTargetDependency */ = {
			isa = PBXTargetDependency;
			target = 2BFFDBE61AA953AD00937556 /* PizzaCam */;
			targetProxy = 2BFFDBFD1AA953AD00937556 /* PBXContainerItemProxy */;
		};
/* End PBXTargetDependency section */

/* Begin PBXVariantGroup section */
		2BFFDBF01AA953AD00937556 /* Main.storyboard */ = {
			isa = PBXVariantGroup;
			children = (
				2BFFDBF11AA953AD00937556 /* Base */,
			);
			name = Main.storyboard;
			sourceTree = "<group>";
		};
		2BFFDBF51AA953AD00937556 /* LaunchScreen.xib */ = {
			isa = PBXVariantGroup;
			children = (
				2BFFDBF61AA953AD00937556 /* Base */,
			);
			name = LaunchScreen.xib;
			sourceTree = "<group>";
		};
/* End PBXVariantGroup section */

/* Begin XCBuildConfiguration section */
		2BFFDC041AA953AD00937556 /* Debug */ = {
			isa = XCBuildConfiguration;
			buildSettings = {
				ALWAYS_SEARCH_USER_PATHS = NO;
				CLANG_CXX_LANGUAGE_STANDARD = "gnu++0x";
				CLANG_CXX_LIBRARY = "libc++";
				CLANG_ENABLE_MODULES = YES;
				CLANG_ENABLE_OBJC_ARC = YES;
				CLANG_WARN_BOOL_CONVERSION = YES;
				CLANG_WARN_CONSTANT_CONVERSION = YES;
				CLANG_WARN_DIRECT_OBJC_ISA_USAGE = YES_ERROR;
				CLANG_WARN_EMPTY_BODY = YES;
				CLANG_WARN_ENUM_CONVERSION = YES;
				CLANG_WARN_INT_CONVERSION = YES;
				CLANG_WARN_OBJC_ROOT_CLASS = YES_ERROR;
				CLANG_WARN_UNREACHABLE_CODE = YES;
				CLANG_WARN__DUPLICATE_METHOD_MATCH = YES;
				"CODE_SIGN_IDENTITY[sdk=iphoneos*]" = "iPhone Developer";
				COPY_PHASE_STRIP = NO;
				ENABLE_STRICT_OBJC_MSGSEND = YES;
				GCC_C_LANGUAGE_STANDARD = gnu99;
				GCC_DYNAMIC_NO_PIC = NO;
				GCC_OPTIMIZATION_LEVEL = 0;
				GCC_PREPROCESSOR_DEFINITIONS = (
					"DEBUG=1",
					"$(inherited)",
				);
				GCC_SYMBOLS_PRIVATE_EXTERN = NO;
				GCC_WARN_64_TO_32_BIT_CONVERSION = YES;
				GCC_WARN_ABOUT_RETURN_TYPE = YES_ERROR;
				GCC_WARN_UNDECLARED_SELECTOR = YES;
				GCC_WARN_UNINITIALIZED_AUTOS = YES_AGGRESSIVE;
				GCC_WARN_UNUSED_FUNCTION = YES;
				GCC_WARN_UNUSED_VARIABLE = YES;
				IPHONEOS_DEPLOYMENT_TARGET = 8.1;
				MTL_ENABLE_DEBUG_INFO = YES;
				ONLY_ACTIVE_ARCH = YES;
				SDKROOT = iphoneos;
				SWIFT_OPTIMIZATION_LEVEL = "-Onone";
				TARGETED_DEVICE_FAMILY = "1,2";
			};
			name = Debug;
		};
		2BFFDC051AA953AD00937556 /* Release */ = {
			isa = XCBuildConfiguration;
			buildSettings = {
				ALWAYS_SEARCH_USER_PATHS = NO;
				CLANG_CXX_LANGUAGE_STANDARD = "gnu++0x";
				CLANG_CXX_LIBRARY = "libc++";
				CLANG_ENABLE_MODULES = YES;
				CLANG_ENABLE_OBJC_ARC = YES;
				CLANG_WARN_BOOL_CONVERSION = YES;
				CLANG_WARN_CONSTANT_CONVERSION = YES;
				CLANG_WARN_DIRECT_OBJC_ISA_USAGE = YES_ERROR;
				CLANG_WARN_EMPTY_BODY = YES;
				CLANG_WARN_ENUM_CONVERSION = YES;
				CLANG_WARN_INT_CONVERSION = YES;
				CLANG_WARN_OBJC_ROOT_CLASS = YES_ERROR;
				CLANG_WARN_UNREACHABLE_CODE = YES;
				CLANG_WARN__DUPLICATE_METHOD_MATCH = YES;
				"CODE_SIGN_IDENTITY[sdk=iphoneos*]" = "iPhone Developer";
				COPY_PHASE_STRIP = YES;
				ENABLE_NS_ASSERTIONS = NO;
				ENABLE_STRICT_OBJC_MSGSEND = YES;
				GCC_C_LANGUAGE_STANDARD = gnu99;
				GCC_WARN_64_TO_32_BIT_CONVERSION = YES;
				GCC_WARN_ABOUT_RETURN_TYPE = YES_ERROR;
				GCC_WARN_UNDECLARED_SELECTOR = YES;
				GCC_WARN_UNINITIALIZED_AUTOS = YES_AGGRESSIVE;
				GCC_WARN_UNUSED_FUNCTION = YES;
				GCC_WARN_UNUSED_VARIABLE = YES;
				IPHONEOS_DEPLOYMENT_TARGET = 8.1;
				MTL_ENABLE_DEBUG_INFO = NO;
				SDKROOT = iphoneos;
				TARGETED_DEVICE_FAMILY = "1,2";
				VALIDATE_PRODUCT = YES;
			};
			name = Release;
		};
		2BFFDC071AA953AD00937556 /* Debug */ = {
			isa = XCBuildConfiguration;
			buildSettings = {
				ASSETCATALOG_COMPILER_APPICON_NAME = AppIcon;
				INFOPLIST_FILE = PizzaCam/Info.plist;
				LD_RUNPATH_SEARCH_PATHS = "$(inherited) @executable_path/Frameworks";
				PRODUCT_NAME = "$(TARGET_NAME)";
			};
			name = Debug;
		};
		2BFFDC081AA953AD00937556 /* Release */ = {
			isa = XCBuildConfiguration;
			buildSettings = {
				ASSETCATALOG_COMPILER_APPICON_NAME = AppIcon;
				INFOPLIST_FILE = PizzaCam/Info.plist;
				LD_RUNPATH_SEARCH_PATHS = "$(inherited) @executable_path/Frameworks";
				PRODUCT_NAME = "$(TARGET_NAME)";
			};
			name = Release;
		};
		2BFFDC0A1AA953AD00937556 /* Debug */ = {
			isa = XCBuildConfiguration;
			buildSettings = {
				BUNDLE_LOADER = "$(TEST_HOST)";
				FRAMEWORK_SEARCH_PATHS = (
					"$(SDKROOT)/Developer/Library/Frameworks",
					"$(inherited)",
				);
				GCC_PREPROCESSOR_DEFINITIONS = (
					"DEBUG=1",
					"$(inherited)",
				);
				INFOPLIST_FILE = PizzaCamTests/Info.plist;
				LD_RUNPATH_SEARCH_PATHS = "$(inherited) @executable_path/Frameworks @loader_path/Frameworks";
				PRODUCT_NAME = "$(TARGET_NAME)";
				TEST_HOST = "$(BUILT_PRODUCTS_DIR)/PizzaCam.app/PizzaCam";
			};
			name = Debug;
		};
		2BFFDC0B1AA953AD00937556 /* Release */ = {
			isa = XCBuildConfiguration;
			buildSettings = {
				BUNDLE_LOADER = "$(TEST_HOST)";
				FRAMEWORK_SEARCH_PATHS = (
					"$(SDKROOT)/Developer/Library/Frameworks",
					"$(inherited)",
				);
				INFOPLIST_FILE = PizzaCamTests/Info.plist;
				LD_RUNPATH_SEARCH_PATHS = "$(inherited) @executable_path/Frameworks @loader_path/Frameworks";
				PRODUCT_NAME = "$(TARGET_NAME)";
				TEST_HOST = "$(BUILT_PRODUCTS_DIR)/PizzaCam.app/PizzaCam";
			};
			name = Release;
		};
/* End XCBuildConfiguration section */

/* Begin XCConfigurationList section */
		2BFFDBE21AA953AD00937556 /* Build configuration list for PBXProject "PizzaCam" */ = {
			isa = XCConfigurationList;
			buildConfigurations = (
				2BFFDC041AA953AD00937556 /* Debug */,
				2BFFDC051AA953AD00937556 /* Release */,
			);
			defaultConfigurationIsVisible = 0;
			defaultConfigurationName = Release;
		};
		2BFFDC061AA953AD00937556 /* Build configuration list for PBXNativeTarget "PizzaCam" */ = {
			isa = XCConfigurationList;
			buildConfigurations = (
				2BFFDC071AA953AD00937556 /* Debug */,
				2BFFDC081AA953AD00937556 /* Release */,
			);
			defaultConfigurationIsVisible = 0;
		};
		2BFFDC091AA953AD00937556 /* Build configuration list for PBXNativeTarget "PizzaCamTests" */ = {
			isa = XCConfigurationList;
			buildConfigurations = (
				2BFFDC0A1AA953AD00937556 /* Debug */,
				2BFFDC0B1AA953AD00937556 /* Release */,
			);
			defaultConfigurationIsVisible = 0;
		};
/* End XCConfigurationList section */
	};
	rootObject = 2BFFDBDF1AA953AD00937556 /* Project object */;
}
